// !$*UTF8*$!
{
	archiveVersion = 1;
	classes = {
	};
	objectVersion = 55;
	objects = {

/* Begin PBXBuildFile section */
		898C0A202859DAB9009AB246 /* Todo.swift in Sources */ = {isa = PBXBuildFile; fileRef = 898C0A1F2859DAB9009AB246 /* Todo.swift */; };
		89D585DE285149CA00278441 /* ios_todo_appApp.swift in Sources */ = {isa = PBXBuildFile; fileRef = 89D585DD285149CA00278441 /* ios_todo_appApp.swift */; };
		89D585E0285149CA00278441 /* TodosView.swift in Sources */ = {isa = PBXBuildFile; fileRef = 89D585DF285149CA00278441 /* TodosView.swift */; };
		89D585E2285149CB00278441 /* Assets.xcassets in Resources */ = {isa = PBXBuildFile; fileRef = 89D585E1285149CB00278441 /* Assets.xcassets */; };
		89D585E5285149CB00278441 /* Preview Assets.xcassets in Resources */ = {isa = PBXBuildFile; fileRef = 89D585E4285149CB00278441 /* Preview Assets.xcassets */; };
		89D585EF285149CB00278441 /* ios_todo_appTests.swift in Sources */ = {isa = PBXBuildFile; fileRef = 89D585EE285149CB00278441 /* ios_todo_appTests.swift */; };
		89D585F9285149CB00278441 /* ios_todo_appUITests.swift in Sources */ = {isa = PBXBuildFile; fileRef = 89D585F8285149CB00278441 /* ios_todo_appUITests.swift */; };
		89D585FB285149CB00278441 /* ios_todo_appUITestsLaunchTests.swift in Sources */ = {isa = PBXBuildFile; fileRef = 89D585FA285149CB00278441 /* ios_todo_appUITestsLaunchTests.swift */; };
/* End PBXBuildFile section */

/* Begin PBXContainerItemProxy section */
		89D585EB285149CB00278441 /* PBXContainerItemProxy */ = {
			isa = PBXContainerItemProxy;
			containerPortal = 89D585D2285149CA00278441 /* Project object */;
			proxyType = 1;
			remoteGlobalIDString = 89D585D9285149CA00278441;
			remoteInfo = "ios-todo-app";
		};
		89D585F5285149CB00278441 /* PBXContainerItemProxy */ = {
			isa = PBXContainerItemProxy;
			containerPortal = 89D585D2285149CA00278441 /* Project object */;
			proxyType = 1;
			remoteGlobalIDString = 89D585D9285149CA00278441;
			remoteInfo = "ios-todo-app";
		};
/* End PBXContainerItemProxy section */

/* Begin PBXFileReference section */
		898C0A1F2859DAB9009AB246 /* Todo.swift */ = {isa = PBXFileReference; fileEncoding = 4; lastKnownFileType = sourcecode.swift; path = Todo.swift; sourceTree = "<group>"; };
		89D585DA285149CA00278441 /* ios-todo-app.app */ = {isa = PBXFileReference; explicitFileType = wrapper.application; includeInIndex = 0; path = "ios-todo-app.app"; sourceTree = BUILT_PRODUCTS_DIR; };
		89D585DD285149CA00278441 /* ios_todo_appApp.swift */ = {isa = PBXFileReference; lastKnownFileType = sourcecode.swift; path = ios_todo_appApp.swift; sourceTree = "<group>"; };
		89D585DF285149CA00278441 /* TodosView.swift */ = {isa = PBXFileReference; lastKnownFileType = sourcecode.swift; path = TodosView.swift; sourceTree = "<group>"; };
		89D585E1285149CB00278441 /* Assets.xcassets */ = {isa = PBXFileReference; lastKnownFileType = folder.assetcatalog; path = Assets.xcassets; sourceTree = "<group>"; };
		89D585E4285149CB00278441 /* Preview Assets.xcassets */ = {isa = PBXFileReference; lastKnownFileType = folder.assetcatalog; path = "Preview Assets.xcassets"; sourceTree = "<group>"; };
		89D585EA285149CB00278441 /* ios-todo-appTests.xctest */ = {isa = PBXFileReference; explicitFileType = wrapper.cfbundle; includeInIndex = 0; path = "ios-todo-appTests.xctest"; sourceTree = BUILT_PRODUCTS_DIR; };
		89D585EE285149CB00278441 /* ios_todo_appTests.swift */ = {isa = PBXFileReference; lastKnownFileType = sourcecode.swift; path = ios_todo_appTests.swift; sourceTree = "<group>"; };
		89D585F4285149CB00278441 /* ios-todo-appUITests.xctest */ = {isa = PBXFileReference; explicitFileType = wrapper.cfbundle; includeInIndex = 0; path = "ios-todo-appUITests.xctest"; sourceTree = BUILT_PRODUCTS_DIR; };
		89D585F8285149CB00278441 /* ios_todo_appUITests.swift */ = {isa = PBXFileReference; lastKnownFileType = sourcecode.swift; path = ios_todo_appUITests.swift; sourceTree = "<group>"; };
		89D585FA285149CB00278441 /* ios_todo_appUITestsLaunchTests.swift */ = {isa = PBXFileReference; lastKnownFileType = sourcecode.swift; path = ios_todo_appUITestsLaunchTests.swift; sourceTree = "<group>"; };
/* End PBXFileReference section */

/* Begin PBXFrameworksBuildPhase section */
		89D585D7285149CA00278441 /* Frameworks */ = {
			isa = PBXFrameworksBuildPhase;
			buildActionMask = 2147483647;
			files = (
			);
			runOnlyForDeploymentPostprocessing = 0;
		};
		89D585E7285149CB00278441 /* Frameworks */ = {
			isa = PBXFrameworksBuildPhase;
			buildActionMask = 2147483647;
			files = (
			);
			runOnlyForDeploymentPostprocessing = 0;
		};
		89D585F1285149CB00278441 /* Frameworks */ = {
			isa = PBXFrameworksBuildPhase;
			buildActionMask = 2147483647;
			files = (
			);
			runOnlyForDeploymentPostprocessing = 0;
		};
/* End PBXFrameworksBuildPhase section */

/* Begin PBXGroup section */
		898C0A212859DB52009AB246 /* Models */ = {
			isa = PBXGroup;
			children = (
				898C0A1F2859DAB9009AB246 /* Todo.swift */,
			);
			path = Models;
			sourceTree = "<group>";
		};
		89D585D1285149CA00278441 = {
			isa = PBXGroup;
			children = (
				89D585DC285149CA00278441 /* ios-todo-app */,
				89D585ED285149CB00278441 /* ios-todo-appTests */,
				89D585F7285149CB00278441 /* ios-todo-appUITests */,
				89D585DB285149CA00278441 /* Products */,
			);
			sourceTree = "<group>";
		};
		89D585DB285149CA00278441 /* Products */ = {
			isa = PBXGroup;
			children = (
				89D585DA285149CA00278441 /* ios-todo-app.app */,
				89D585EA285149CB00278441 /* ios-todo-appTests.xctest */,
				89D585F4285149CB00278441 /* ios-todo-appUITests.xctest */,
			);
			name = Products;
			sourceTree = "<group>";
		};
		89D585DC285149CA00278441 /* ios-todo-app */ = {
			isa = PBXGroup;
			children = (
				898C0A212859DB52009AB246 /* Models */,
				89D585DD285149CA00278441 /* ios_todo_appApp.swift */,
				89D585DF285149CA00278441 /* TodosView.swift */,
				89D585E1285149CB00278441 /* Assets.xcassets */,
				89D585E3285149CB00278441 /* Preview Content */,
			);
			path = "ios-todo-app";
			sourceTree = "<group>";
		};
		89D585E3285149CB00278441 /* Preview Content */ = {
			isa = PBXGroup;
			children = (
				89D585E4285149CB00278441 /* Preview Assets.xcassets */,
			);
			path = "Preview Content";
			sourceTree = "<group>";
		};
		89D585ED285149CB00278441 /* ios-todo-appTests */ = {
			isa = PBXGroup;
			children = (
				89D585EE285149CB00278441 /* ios_todo_appTests.swift */,
			);
			path = "ios-todo-appTests";
			sourceTree = "<group>";
		};
		89D585F7285149CB00278441 /* ios-todo-appUITests */ = {
			isa = PBXGroup;
			children = (
				89D585F8285149CB00278441 /* ios_todo_appUITests.swift */,
				89D585FA285149CB00278441 /* ios_todo_appUITestsLaunchTests.swift */,
			);
			path = "ios-todo-appUITests";
			sourceTree = "<group>";
		};
/* End PBXGroup section */

/* Begin PBXNativeTarget section */
		89D585D9285149CA00278441 /* ios-todo-app */ = {
			isa = PBXNativeTarget;
			buildConfigurationList = 89D585FE285149CB00278441 /* Build configuration list for PBXNativeTarget "ios-todo-app" */;
			buildPhases = (
				89D585D6285149CA00278441 /* Sources */,
				89D585D7285149CA00278441 /* Frameworks */,
				89D585D8285149CA00278441 /* Resources */,
			);
			buildRules = (
			);
			dependencies = (
			);
			name = "ios-todo-app";
			productName = "ios-todo-app";
			productReference = 89D585DA285149CA00278441 /* ios-todo-app.app */;
			productType = "com.apple.product-type.application";
		};
		89D585E9285149CB00278441 /* ios-todo-appTests */ = {
			isa = PBXNativeTarget;
			buildConfigurationList = 89D58601285149CB00278441 /* Build configuration list for PBXNativeTarget "ios-todo-appTests" */;
			buildPhases = (
				89D585E6285149CB00278441 /* Sources */,
				89D585E7285149CB00278441 /* Frameworks */,
				89D585E8285149CB00278441 /* Resources */,
			);
			buildRules = (
			);
			dependencies = (
				89D585EC285149CB00278441 /* PBXTargetDependency */,
			);
			name = "ios-todo-appTests";
			productName = "ios-todo-appTests";
			productReference = 89D585EA285149CB00278441 /* ios-todo-appTests.xctest */;
			productType = "com.apple.product-type.bundle.unit-test";
		};
		89D585F3285149CB00278441 /* ios-todo-appUITests */ = {
			isa = PBXNativeTarget;
			buildConfigurationList = 89D58604285149CB00278441 /* Build configuration list for PBXNativeTarget "ios-todo-appUITests" */;
			buildPhases = (
				89D585F0285149CB00278441 /* Sources */,
				89D585F1285149CB00278441 /* Frameworks */,
				89D585F2285149CB00278441 /* Resources */,
			);
			buildRules = (
			);
			dependencies = (
				89D585F6285149CB00278441 /* PBXTargetDependency */,
			);
			name = "ios-todo-appUITests";
			productName = "ios-todo-appUITests";
			productReference = 89D585F4285149CB00278441 /* ios-todo-appUITests.xctest */;
			productType = "com.apple.product-type.bundle.ui-testing";
		};
/* End PBXNativeTarget section */

/* Begin PBXProject section */
		89D585D2285149CA00278441 /* Project object */ = {
			isa = PBXProject;
			attributes = {
				BuildIndependentTargetsInParallel = 1;
				LastSwiftUpdateCheck = 1330;
				LastUpgradeCheck = 1330;
				TargetAttributes = {
					89D585D9285149CA00278441 = {
						CreatedOnToolsVersion = 13.3.1;
					};
					89D585E9285149CB00278441 = {
						CreatedOnToolsVersion = 13.3.1;
						TestTargetID = 89D585D9285149CA00278441;
					};
					89D585F3285149CB00278441 = {
						CreatedOnToolsVersion = 13.3.1;
						TestTargetID = 89D585D9285149CA00278441;
					};
				};
			};
			buildConfigurationList = 89D585D5285149CA00278441 /* Build configuration list for PBXProject "ios-todo-app" */;
			compatibilityVersion = "Xcode 13.0";
			developmentRegion = en;
			hasScannedForEncodings = 0;
			knownRegions = (
				en,
				Base,
			);
			mainGroup = 89D585D1285149CA00278441;
			productRefGroup = 89D585DB285149CA00278441 /* Products */;
			projectDirPath = "";
			projectRoot = "";
			targets = (
				89D585D9285149CA00278441 /* ios-todo-app */,
				89D585E9285149CB00278441 /* ios-todo-appTests */,
				89D585F3285149CB00278441 /* ios-todo-appUITests */,
			);
		};
/* End PBXProject section */

/* Begin PBXResourcesBuildPhase section */
		89D585D8285149CA00278441 /* Resources */ = {
			isa = PBXResourcesBuildPhase;
			buildActionMask = 2147483647;
			files = (
				89D585E5285149CB00278441 /* Preview Assets.xcassets in Resources */,
				89D585E2285149CB00278441 /* Assets.xcassets in Resources */,
			);
			runOnlyForDeploymentPostprocessing = 0;
		};
		89D585E8285149CB00278441 /* Resources */ = {
			isa = PBXResourcesBuildPhase;
			buildActionMask = 2147483647;
			files = (
			);
			runOnlyForDeploymentPostprocessing = 0;
		};
		89D585F2285149CB00278441 /* Resources */ = {
			isa = PBXResourcesBuildPhase;
			buildActionMask = 2147483647;
			files = (
			);
			runOnlyForDeploymentPostprocessing = 0;
		};
/* End PBXResourcesBuildPhase section */

/* Begin PBXSourcesBuildPhase section */
		89D585D6285149CA00278441 /* Sources */ = {
			isa = PBXSourcesBuildPhase;
			buildActionMask = 2147483647;
			files = (
				89D585E0285149CA00278441 /* TodosView.swift in Sources */,
				898C0A202859DAB9009AB246 /* Todo.swift in Sources */,
				89D585DE285149CA00278441 /* ios_todo_appApp.swift in Sources */,
			);
			runOnlyForDeploymentPostprocessing = 0;
		};
		89D585E6285149CB00278441 /* Sources */ = {
			isa = PBXSourcesBuildPhase;
			buildActionMask = 2147483647;
			files = (
				89D585EF285149CB00278441 /* ios_todo_appTests.swift in Sources */,
			);
			runOnlyForDeploymentPostprocessing = 0;
		};
		89D585F0285149CB00278441 /* Sources */ = {
			isa = PBXSourcesBuildPhase;
			buildActionMask = 2147483647;
			files = (
				89D585FB285149CB00278441 /* ios_todo_appUITestsLaunchTests.swift in Sources */,
				89D585F9285149CB00278441 /* ios_todo_appUITests.swift in Sources */,
			);
			runOnlyForDeploymentPostprocessing = 0;
		};
/* End PBXSourcesBuildPhase section */

/* Begin PBXTargetDependency section */
		89D585EC285149CB00278441 /* PBXTargetDependency */ = {
			isa = PBXTargetDependency;
			target = 89D585D9285149CA00278441 /* ios-todo-app */;
			targetProxy = 89D585EB285149CB00278441 /* PBXContainerItemProxy */;
		};
		89D585F6285149CB00278441 /* PBXTargetDependency */ = {
			isa = PBXTargetDependency;
			target = 89D585D9285149CA00278441 /* ios-todo-app */;
			targetProxy = 89D585F5285149CB00278441 /* PBXContainerItemProxy */;
		};
/* End PBXTargetDependency section */

/* Begin XCBuildConfiguration section */
		89D585FC285149CB00278441 /* Debug */ = {
			isa = XCBuildConfiguration;
			buildSettings = {
				ALWAYS_SEARCH_USER_PATHS = NO;
				CLANG_ANALYZER_NONNULL = YES;
				CLANG_ANALYZER_NUMBER_OBJECT_CONVERSION = YES_AGGRESSIVE;
				CLANG_CXX_LANGUAGE_STANDARD = "gnu++17";
				CLANG_ENABLE_MODULES = YES;
				CLANG_ENABLE_OBJC_ARC = YES;
				CLANG_ENABLE_OBJC_WEAK = YES;
				CLANG_WARN_BLOCK_CAPTURE_AUTORELEASING = YES;
				CLANG_WARN_BOOL_CONVERSION = YES;
				CLANG_WARN_COMMA = YES;
				CLANG_WARN_CONSTANT_CONVERSION = YES;
				CLANG_WARN_DEPRECATED_OBJC_IMPLEMENTATIONS = YES;
				CLANG_WARN_DIRECT_OBJC_ISA_USAGE = YES_ERROR;
				CLANG_WARN_DOCUMENTATION_COMMENTS = YES;
				CLANG_WARN_EMPTY_BODY = YES;
				CLANG_WARN_ENUM_CONVERSION = YES;
				CLANG_WARN_INFINITE_RECURSION = YES;
				CLANG_WARN_INT_CONVERSION = YES;
				CLANG_WARN_NON_LITERAL_NULL_CONVERSION = YES;
				CLANG_WARN_OBJC_IMPLICIT_RETAIN_SELF = YES;
				CLANG_WARN_OBJC_LITERAL_CONVERSION = YES;
				CLANG_WARN_OBJC_ROOT_CLASS = YES_ERROR;
				CLANG_WARN_QUOTED_INCLUDE_IN_FRAMEWORK_HEADER = YES;
				CLANG_WARN_RANGE_LOOP_ANALYSIS = YES;
				CLANG_WARN_STRICT_PROTOTYPES = YES;
				CLANG_WARN_SUSPICIOUS_MOVE = YES;
				CLANG_WARN_UNGUARDED_AVAILABILITY = YES_AGGRESSIVE;
				CLANG_WARN_UNREACHABLE_CODE = YES;
				CLANG_WARN__DUPLICATE_METHOD_MATCH = YES;
				COPY_PHASE_STRIP = NO;
				DEBUG_INFORMATION_FORMAT = dwarf;
				ENABLE_STRICT_OBJC_MSGSEND = YES;
				ENABLE_TESTABILITY = YES;
				GCC_C_LANGUAGE_STANDARD = gnu11;
				GCC_DYNAMIC_NO_PIC = NO;
				GCC_NO_COMMON_BLOCKS = YES;
				GCC_OPTIMIZATION_LEVEL = 0;
				GCC_PREPROCESSOR_DEFINITIONS = (
					"DEBUG=1",
					"$(inherited)",
				);
				GCC_WARN_64_TO_32_BIT_CONVERSION = YES;
				GCC_WARN_ABOUT_RETURN_TYPE = YES_ERROR;
				GCC_WARN_UNDECLARED_SELECTOR = YES;
				GCC_WARN_UNINITIALIZED_AUTOS = YES_AGGRESSIVE;
				GCC_WARN_UNUSED_FUNCTION = YES;
				GCC_WARN_UNUSED_VARIABLE = YES;
				IPHONEOS_DEPLOYMENT_TARGET = 15.4;
				MTL_ENABLE_DEBUG_INFO = INCLUDE_SOURCE;
				MTL_FAST_MATH = YES;
				ONLY_ACTIVE_ARCH = YES;
				SDKROOT = iphoneos;
				SWIFT_ACTIVE_COMPILATION_CONDITIONS = DEBUG;
				SWIFT_OPTIMIZATION_LEVEL = "-Onone";
			};
			name = Debug;
		};
		89D585FD285149CB00278441 /* Release */ = {
			isa = XCBuildConfiguration;
			buildSettings = {
				ALWAYS_SEARCH_USER_PATHS = NO;
				CLANG_ANALYZER_NONNULL = YES;
				CLANG_ANALYZER_NUMBER_OBJECT_CONVERSION = YES_AGGRESSIVE;
				CLANG_CXX_LANGUAGE_STANDARD = "gnu++17";
				CLANG_ENABLE_MODULES = YES;
				CLANG_ENABLE_OBJC_ARC = YES;
				CLANG_ENABLE_OBJC_WEAK = YES;
				CLANG_WARN_BLOCK_CAPTURE_AUTORELEASING = YES;
				CLANG_WARN_BOOL_CONVERSION = YES;
				CLANG_WARN_COMMA = YES;
				CLANG_WARN_CONSTANT_CONVERSION = YES;
				CLANG_WARN_DEPRECATED_OBJC_IMPLEMENTATIONS = YES;
				CLANG_WARN_DIRECT_OBJC_ISA_USAGE = YES_ERROR;
				CLANG_WARN_DOCUMENTATION_COMMENTS = YES;
				CLANG_WARN_EMPTY_BODY = YES;
				CLANG_WARN_ENUM_CONVERSION = YES;
				CLANG_WARN_INFINITE_RECURSION = YES;
				CLANG_WARN_INT_CONVERSION = YES;
				CLANG_WARN_NON_LITERAL_NULL_CONVERSION = YES;
				CLANG_WARN_OBJC_IMPLICIT_RETAIN_SELF = YES;
				CLANG_WARN_OBJC_LITERAL_CONVERSION = YES;
				CLANG_WARN_OBJC_ROOT_CLASS = YES_ERROR;
				CLANG_WARN_QUOTED_INCLUDE_IN_FRAMEWORK_HEADER = YES;
				CLANG_WARN_RANGE_LOOP_ANALYSIS = YES;
				CLANG_WARN_STRICT_PROTOTYPES = YES;
				CLANG_WARN_SUSPICIOUS_MOVE = YES;
				CLANG_WARN_UNGUARDED_AVAILABILITY = YES_AGGRESSIVE;
				CLANG_WARN_UNREACHABLE_CODE = YES;
				CLANG_WARN__DUPLICATE_METHOD_MATCH = YES;
				COPY_PHASE_STRIP = NO;
				DEBUG_INFORMATION_FORMAT = "dwarf-with-dsym";
				ENABLE_NS_ASSERTIONS = NO;
				ENABLE_STRICT_OBJC_MSGSEND = YES;
				GCC_C_LANGUAGE_STANDARD = gnu11;
				GCC_NO_COMMON_BLOCKS = YES;
				GCC_WARN_64_TO_32_BIT_CONVERSION = YES;
				GCC_WARN_ABOUT_RETURN_TYPE = YES_ERROR;
				GCC_WARN_UNDECLARED_SELECTOR = YES;
				GCC_WARN_UNINITIALIZED_AUTOS = YES_AGGRESSIVE;
				GCC_WARN_UNUSED_FUNCTION = YES;
				GCC_WARN_UNUSED_VARIABLE = YES;
				IPHONEOS_DEPLOYMENT_TARGET = 15.4;
				MTL_ENABLE_DEBUG_INFO = NO;
				MTL_FAST_MATH = YES;
				SDKROOT = iphoneos;
				SWIFT_COMPILATION_MODE = wholemodule;
				SWIFT_OPTIMIZATION_LEVEL = "-O";
				VALIDATE_PRODUCT = YES;
			};
			name = Release;
		};
		89D585FF285149CB00278441 /* Debug */ = {
			isa = XCBuildConfiguration;
			buildSettings = {
				ASSETCATALOG_COMPILER_APPICON_NAME = AppIcon;
				ASSETCATALOG_COMPILER_GLOBAL_ACCENT_COLOR_NAME = AccentColor;
				CODE_SIGN_STYLE = Automatic;
				CURRENT_PROJECT_VERSION = 1;
				DEVELOPMENT_ASSET_PATHS = "\"ios-todo-app/Preview Content\"";
				DEVELOPMENT_TEAM = CAQ8BTLJA6;
				ENABLE_PREVIEWS = YES;
				GENERATE_INFOPLIST_FILE = YES;
				INFOPLIST_KEY_UIApplicationSceneManifest_Generation = YES;
				INFOPLIST_KEY_UIApplicationSupportsIndirectInputEvents = YES;
				INFOPLIST_KEY_UILaunchScreen_Generation = YES;
				INFOPLIST_KEY_UISupportedInterfaceOrientations_iPad = "UIInterfaceOrientationPortrait UIInterfaceOrientationPortraitUpsideDown UIInterfaceOrientationLandscapeLeft UIInterfaceOrientationLandscapeRight";
				INFOPLIST_KEY_UISupportedInterfaceOrientations_iPhone = "UIInterfaceOrientationPortrait UIInterfaceOrientationLandscapeLeft UIInterfaceOrientationLandscapeRight";
				LD_RUNPATH_SEARCH_PATHS = (
					"$(inherited)",
					"@executable_path/Frameworks",
				);
				MARKETING_VERSION = 1.0;
				PRODUCT_BUNDLE_IDENTIFIER = "com.example.sharif.ios-todo-app";
				PRODUCT_NAME = "$(TARGET_NAME)";
				SWIFT_EMIT_LOC_STRINGS = YES;
				SWIFT_VERSION = 5.0;
				TARGETED_DEVICE_FAMILY = "1,2";
			};
			name = Debug;
		};
		89D58600285149CB00278441 /* Release */ = {
			isa = XCBuildConfiguration;
			buildSettings = {
				ASSETCATALOG_COMPILER_APPICON_NAME = AppIcon;
				ASSETCATALOG_COMPILER_GLOBAL_ACCENT_COLOR_NAME = AccentColor;
				CODE_SIGN_STYLE = Automatic;
				CURRENT_PROJECT_VERSION = 1;
				DEVELOPMENT_ASSET_PATHS = "\"ios-todo-app/Preview Content\"";
				DEVELOPMENT_TEAM = CAQ8BTLJA6;
				ENABLE_PREVIEWS = YES;
				GENERATE_INFOPLIST_FILE = YES;
				INFOPLIST_KEY_UIApplicationSceneManifest_Generation = YES;
				INFOPLIST_KEY_UIApplicationSupportsIndirectInputEvents = YES;
				INFOPLIST_KEY_UILaunchScreen_Generation = YES;
				INFOPLIST_KEY_UISupportedInterfaceOrientations_iPad = "UIInterfaceOrientationPortrait UIInterfaceOrientationPortraitUpsideDown UIInterfaceOrientationLandscapeLeft UIInterfaceOrientationLandscapeRight";
				INFOPLIST_KEY_UISupportedInterfaceOrientations_iPhone = "UIInterfaceOrientationPortrait UIInterfaceOrientationLandscapeLeft UIInterfaceOrientationLandscapeRight";
				LD_RUNPATH_SEARCH_PATHS = (
					"$(inherited)",
					"@executable_path/Frameworks",
				);
				MARKETING_VERSION = 1.0;
				PRODUCT_BUNDLE_IDENTIFIER = "com.example.sharif.ios-todo-app";
				PRODUCT_NAME = "$(TARGET_NAME)";
				SWIFT_EMIT_LOC_STRINGS = YES;
				SWIFT_VERSION = 5.0;
				TARGETED_DEVICE_FAMILY = "1,2";
			};
			name = Release;
		};
		89D58602285149CB00278441 /* Debug */ = {
			isa = XCBuildConfiguration;
			buildSettings = {
				ALWAYS_EMBED_SWIFT_STANDARD_LIBRARIES = YES;
				BUNDLE_LOADER = "$(TEST_HOST)";
				CODE_SIGN_STYLE = Automatic;
				CURRENT_PROJECT_VERSION = 1;
				DEVELOPMENT_TEAM = CAQ8BTLJA6;
				GENERATE_INFOPLIST_FILE = YES;
				IPHONEOS_DEPLOYMENT_TARGET = 15.4;
				MARKETING_VERSION = 1.0;
				PRODUCT_BUNDLE_IDENTIFIER = "com.example.sharif.ios-todo-appTests";
				PRODUCT_NAME = "$(TARGET_NAME)";
				SWIFT_EMIT_LOC_STRINGS = NO;
				SWIFT_VERSION = 5.0;
				TARGETED_DEVICE_FAMILY = "1,2";
				TEST_HOST = "$(BUILT_PRODUCTS_DIR)/ios-todo-app.app/ios-todo-app";
			};
			name = Debug;
		};
		89D58603285149CB00278441 /* Release */ = {
			isa = XCBuildConfiguration;
			buildSettings = {
				ALWAYS_EMBED_SWIFT_STANDARD_LIBRARIES = YES;
				BUNDLE_LOADER = "$(TEST_HOST)";
				CODE_SIGN_STYLE = Automatic;
				CURRENT_PROJECT_VERSION = 1;
				DEVELOPMENT_TEAM = CAQ8BTLJA6;
				GENERATE_INFOPLIST_FILE = YES;
				IPHONEOS_DEPLOYMENT_TARGET = 15.4;
				MARKETING_VERSION = 1.0;
				PRODUCT_BUNDLE_IDENTIFIER = "com.example.sharif.ios-todo-appTests";
				PRODUCT_NAME = "$(TARGET_NAME)";
				SWIFT_EMIT_LOC_STRINGS = NO;
				SWIFT_VERSION = 5.0;
				TARGETED_DEVICE_FAMILY = "1,2";
				TEST_HOST = "$(BUILT_PRODUCTS_DIR)/ios-todo-app.app/ios-todo-app";
			};
			name = Release;
		};
		89D58605285149CB00278441 /* Debug */ = {
			isa = XCBuildConfiguration;
			buildSettings = {
				ALWAYS_EMBED_SWIFT_STANDARD_LIBRARIES = YES;
				CODE_SIGN_STYLE = Automatic;
				CURRENT_PROJECT_VERSION = 1;
				DEVELOPMENT_TEAM = CAQ8BTLJA6;
				GENERATE_INFOPLIST_FILE = YES;
				MARKETING_VERSION = 1.0;
				PRODUCT_BUNDLE_IDENTIFIER = "com.example.sharif.ios-todo-appUITests";
				PRODUCT_NAME = "$(TARGET_NAME)";
				SWIFT_EMIT_LOC_STRINGS = NO;
				SWIFT_VERSION = 5.0;
				TARGETED_DEVICE_FAMILY = "1,2";
				TEST_TARGET_NAME = "ios-todo-app";
			};
			name = Debug;
		};
		89D58606285149CB00278441 /* Release */ = {
			isa = XCBuildConfiguration;
			buildSettings = {
				ALWAYS_EMBED_SWIFT_STANDARD_LIBRARIES = YES;
				CODE_SIGN_STYLE = Automatic;
				CURRENT_PROJECT_VERSION = 1;
				DEVELOPMENT_TEAM = CAQ8BTLJA6;
				GENERATE_INFOPLIST_FILE = YES;
				MARKETING_VERSION = 1.0;
				PRODUCT_BUNDLE_IDENTIFIER = "com.example.sharif.ios-todo-appUITests";
				PRODUCT_NAME = "$(TARGET_NAME)";
				SWIFT_EMIT_LOC_STRINGS = NO;
				SWIFT_VERSION = 5.0;
				TARGETED_DEVICE_FAMILY = "1,2";
				TEST_TARGET_NAME = "ios-todo-app";
			};
			name = Release;
		};
/* End XCBuildConfiguration section */

/* Begin XCConfigurationList section */
		89D585D5285149CA00278441 /* Build configuration list for PBXProject "ios-todo-app" */ = {
			isa = XCConfigurationList;
			buildConfigurations = (
				89D585FC285149CB00278441 /* Debug */,
				89D585FD285149CB00278441 /* Release */,
			);
			defaultConfigurationIsVisible = 0;
			defaultConfigurationName = Release;
		};
		89D585FE285149CB00278441 /* Build configuration list for PBXNativeTarget "ios-todo-app" */ = {
			isa = XCConfigurationList;
			buildConfigurations = (
				89D585FF285149CB00278441 /* Debug */,
				89D58600285149CB00278441 /* Release */,
			);
			defaultConfigurationIsVisible = 0;
			defaultConfigurationName = Release;
		};
		89D58601285149CB00278441 /* Build configuration list for PBXNativeTarget "ios-todo-appTests" */ = {
			isa = XCConfigurationList;
			buildConfigurations = (
				89D58602285149CB00278441 /* Debug */,
				89D58603285149CB00278441 /* Release */,
			);
			defaultConfigurationIsVisible = 0;
			defaultConfigurationName = Release;
		};
		89D58604285149CB00278441 /* Build configuration list for PBXNativeTarget "ios-todo-appUITests" */ = {
			isa = XCConfigurationList;
			buildConfigurations = (
				89D58605285149CB00278441 /* Debug */,
				89D58606285149CB00278441 /* Release */,
			);
			defaultConfigurationIsVisible = 0;
			defaultConfigurationName = Release;
		};
/* End XCConfigurationList section */
	};
	rootObject = 89D585D2285149CA00278441 /* Project object */;
}
